// !$*UTF8*$!
{
	archiveVersion = 1;
	classes = {
	};
	objectVersion = 56;
	objects = {

/* Begin PBXBuildFile section */
		D260BC132BD0493200E26BA4 /* AppDelegate.swift in Sources */ = {isa = PBXBuildFile; fileRef = D260BC122BD0493200E26BA4 /* AppDelegate.swift */; };
		D260BC152BD0493200E26BA4 /* SceneDelegate.swift in Sources */ = {isa = PBXBuildFile; fileRef = D260BC142BD0493200E26BA4 /* SceneDelegate.swift */; };
		D260BC172BD0493200E26BA4 /* ViewController.swift in Sources */ = {isa = PBXBuildFile; fileRef = D260BC162BD0493200E26BA4 /* ViewController.swift */; };
		D260BC1A2BD0493200E26BA4 /* Main.storyboard in Resources */ = {isa = PBXBuildFile; fileRef = D260BC182BD0493200E26BA4 /* Main.storyboard */; };
		D260BC1C2BD0493300E26BA4 /* Assets.xcassets in Resources */ = {isa = PBXBuildFile; fileRef = D260BC1B2BD0493300E26BA4 /* Assets.xcassets */; };
		D260BC1F2BD0493300E26BA4 /* LaunchScreen.storyboard in Resources */ = {isa = PBXBuildFile; fileRef = D260BC1D2BD0493300E26BA4 /* LaunchScreen.storyboard */; };
		D260BC272BD0770F00E26BA4 /* CountryAPIService.swift in Sources */ = {isa = PBXBuildFile; fileRef = D260BC262BD0770F00E26BA4 /* CountryAPIService.swift */; };
		D260BC292BD07EB500E26BA4 /* UniversityModel.swift in Sources */ = {isa = PBXBuildFile; fileRef = D260BC282BD07EB500E26BA4 /* UniversityModel.swift */; };
		D260BC2B2BD0853100E26BA4 /* UniversityViewController.swift in Sources */ = {isa = PBXBuildFile; fileRef = D260BC2A2BD0853100E26BA4 /* UniversityViewController.swift */; };
		D260BC2D2BD086ED00E26BA4 /* UniversityInfoViewController.swift in Sources */ = {isa = PBXBuildFile; fileRef = D260BC2C2BD086ED00E26BA4 /* UniversityInfoViewController.swift */; };
		D260BC2F2BD0973D00E26BA4 /* UniversityAPIService.swift in Sources */ = {isa = PBXBuildFile; fileRef = D260BC2E2BD0973D00E26BA4 /* UniversityAPIService.swift */; };
/* End PBXBuildFile section */

/* Begin PBXFileReference section */
		D260BC0F2BD0493200E26BA4 /* UniversityInfoAPI.app */ = {isa = PBXFileReference; explicitFileType = wrapper.application; includeInIndex = 0; path = UniversityInfoAPI.app; sourceTree = BUILT_PRODUCTS_DIR; };
		D260BC122BD0493200E26BA4 /* AppDelegate.swift */ = {isa = PBXFileReference; lastKnownFileType = sourcecode.swift; path = AppDelegate.swift; sourceTree = "<group>"; };
		D260BC142BD0493200E26BA4 /* SceneDelegate.swift */ = {isa = PBXFileReference; lastKnownFileType = sourcecode.swift; path = SceneDelegate.swift; sourceTree = "<group>"; };
		D260BC162BD0493200E26BA4 /* ViewController.swift */ = {isa = PBXFileReference; lastKnownFileType = sourcecode.swift; path = ViewController.swift; sourceTree = "<group>"; };
		D260BC192BD0493200E26BA4 /* Base */ = {isa = PBXFileReference; lastKnownFileType = file.storyboard; name = Base; path = Base.lproj/Main.storyboard; sourceTree = "<group>"; };
		D260BC1B2BD0493300E26BA4 /* Assets.xcassets */ = {isa = PBXFileReference; lastKnownFileType = folder.assetcatalog; path = Assets.xcassets; sourceTree = "<group>"; };
		D260BC1E2BD0493300E26BA4 /* Base */ = {isa = PBXFileReference; lastKnownFileType = file.storyboard; name = Base; path = Base.lproj/LaunchScreen.storyboard; sourceTree = "<group>"; };
		D260BC202BD0493300E26BA4 /* Info.plist */ = {isa = PBXFileReference; lastKnownFileType = text.plist.xml; path = Info.plist; sourceTree = "<group>"; };
		D260BC262BD0770F00E26BA4 /* CountryAPIService.swift */ = {isa = PBXFileReference; lastKnownFileType = sourcecode.swift; path = CountryAPIService.swift; sourceTree = "<group>"; };
		D260BC282BD07EB500E26BA4 /* UniversityModel.swift */ = {isa = PBXFileReference; lastKnownFileType = sourcecode.swift; path = UniversityModel.swift; sourceTree = "<group>"; };
		D260BC2A2BD0853100E26BA4 /* UniversityViewController.swift */ = {isa = PBXFileReference; lastKnownFileType = sourcecode.swift; path = UniversityViewController.swift; sourceTree = "<group>"; };
		D260BC2C2BD086ED00E26BA4 /* UniversityInfoViewController.swift */ = {isa = PBXFileReference; lastKnownFileType = sourcecode.swift; path = UniversityInfoViewController.swift; sourceTree = "<group>"; };
		D260BC2E2BD0973D00E26BA4 /* UniversityAPIService.swift */ = {isa = PBXFileReference; lastKnownFileType = sourcecode.swift; path = UniversityAPIService.swift; sourceTree = "<group>"; };
/* End PBXFileReference section */

/* Begin PBXFrameworksBuildPhase section */
		D260BC0C2BD0493200E26BA4 /* Frameworks */ = {
			isa = PBXFrameworksBuildPhase;
			buildActionMask = 2147483647;
			files = (
			);
			runOnlyForDeploymentPostprocessing = 0;
		};
/* End PBXFrameworksBuildPhase section */

/* Begin PBXGroup section */
		D260BC062BD0493200E26BA4 = {
			isa = PBXGroup;
			children = (
				D260BC112BD0493200E26BA4 /* UniversityInfoAPI */,
				D260BC102BD0493200E26BA4 /* Products */,
			);
			sourceTree = "<group>";
		};
		D260BC102BD0493200E26BA4 /* Products */ = {
			isa = PBXGroup;
			children = (
				D260BC0F2BD0493200E26BA4 /* UniversityInfoAPI.app */,
			);
			name = Products;
			sourceTree = "<group>";
		};
		D260BC112BD0493200E26BA4 /* UniversityInfoAPI */ = {
			isa = PBXGroup;
			children = (
				D260BC122BD0493200E26BA4 /* AppDelegate.swift */,
				D260BC142BD0493200E26BA4 /* SceneDelegate.swift */,
				D260BC162BD0493200E26BA4 /* ViewController.swift */,
				D260BC182BD0493200E26BA4 /* Main.storyboard */,
				D260BC1B2BD0493300E26BA4 /* Assets.xcassets */,
				D260BC1D2BD0493300E26BA4 /* LaunchScreen.storyboard */,
				D260BC202BD0493300E26BA4 /* Info.plist */,
				D260BC262BD0770F00E26BA4 /* CountryAPIService.swift */,
				D260BC282BD07EB500E26BA4 /* UniversityModel.swift */,
				D260BC2A2BD0853100E26BA4 /* UniversityViewController.swift */,
				D260BC2C2BD086ED00E26BA4 /* UniversityInfoViewController.swift */,
				D260BC2E2BD0973D00E26BA4 /* UniversityAPIService.swift */,
			);
			path = UniversityInfoAPI;
			sourceTree = "<group>";
		};
/* End PBXGroup section */

/* Begin PBXNativeTarget section */
		D260BC0E2BD0493200E26BA4 /* UniversityInfoAPI */ = {
			isa = PBXNativeTarget;
			buildConfigurationList = D260BC232BD0493300E26BA4 /* Build configuration list for PBXNativeTarget "UniversityInfoAPI" */;
			buildPhases = (
				D260BC0B2BD0493200E26BA4 /* Sources */,
				D260BC0C2BD0493200E26BA4 /* Frameworks */,
				D260BC0D2BD0493200E26BA4 /* Resources */,
			);
			buildRules = (
			);
			dependencies = (
			);
			name = UniversityInfoAPI;
			productName = UniversityInfoAPI;
			productReference = D260BC0F2BD0493200E26BA4 /* UniversityInfoAPI.app */;
			productType = "com.apple.product-type.application";
		};
/* End PBXNativeTarget section */

/* Begin PBXProject section */
		D260BC072BD0493200E26BA4 /* Project object */ = {
			isa = PBXProject;
			attributes = {
				BuildIndependentTargetsInParallel = 1;
				LastSwiftUpdateCheck = 1520;
				LastUpgradeCheck = 1520;
				TargetAttributes = {
					D260BC0E2BD0493200E26BA4 = {
						CreatedOnToolsVersion = 15.2;
					};
				};
			};
			buildConfigurationList = D260BC0A2BD0493200E26BA4 /* Build configuration list for PBXProject "UniversityInfoAPI" */;
			compatibilityVersion = "Xcode 14.0";
			developmentRegion = en;
			hasScannedForEncodings = 0;
			knownRegions = (
				en,
				Base,
			);
			mainGroup = D260BC062BD0493200E26BA4;
			productRefGroup = D260BC102BD0493200E26BA4 /* Products */;
			projectDirPath = "";
			projectRoot = "";
			targets = (
				D260BC0E2BD0493200E26BA4 /* UniversityInfoAPI */,
			);
		};
/* End PBXProject section */

/* Begin PBXResourcesBuildPhase section */
		D260BC0D2BD0493200E26BA4 /* Resources */ = {
			isa = PBXResourcesBuildPhase;
			buildActionMask = 2147483647;
			files = (
				D260BC1F2BD0493300E26BA4 /* LaunchScreen.storyboard in Resources */,
				D260BC1C2BD0493300E26BA4 /* Assets.xcassets in Resources */,
				D260BC1A2BD0493200E26BA4 /* Main.storyboard in Resources */,
			);
			runOnlyForDeploymentPostprocessing = 0;
		};
/* End PBXResourcesBuildPhase section */

/* Begin PBXSourcesBuildPhase section */
		D260BC0B2BD0493200E26BA4 /* Sources */ = {
			isa = PBXSourcesBuildPhase;
			buildActionMask = 2147483647;
			files = (
				D260BC172BD0493200E26BA4 /* ViewController.swift in Sources */,
				D260BC272BD0770F00E26BA4 /* CountryAPIService.swift in Sources */,
				D260BC2F2BD0973D00E26BA4 /* UniversityAPIService.swift in Sources */,
				D260BC2D2BD086ED00E26BA4 /* UniversityInfoViewController.swift in Sources */,
				D260BC292BD07EB500E26BA4 /* UniversityModel.swift in Sources */,
				D260BC132BD0493200E26BA4 /* AppDelegate.swift in Sources */,
				D260BC2B2BD0853100E26BA4 /* UniversityViewController.swift in Sources */,
				D260BC152BD0493200E26BA4 /* SceneDelegate.swift in Sources */,
			);
			runOnlyForDeploymentPostprocessing = 0;
		};
/* End PBXSourcesBuildPhase section */

/* Begin PBXVariantGroup section */
		D260BC182BD0493200E26BA4 /* Main.storyboard */ = {
			isa = PBXVariantGroup;
			children = (
				D260BC192BD0493200E26BA4 /* Base */,
			);
			name = Main.storyboard;
			sourceTree = "<group>";
		};
		D260BC1D2BD0493300E26BA4 /* LaunchScreen.storyboard */ = {
			isa = PBXVariantGroup;
			children = (
				D260BC1E2BD0493300E26BA4 /* Base */,
			);
			name = LaunchScreen.storyboard;
			sourceTree = "<group>";
		};
/* End PBXVariantGroup section */

/* Begin XCBuildConfiguration section */
		D260BC212BD0493300E26BA4 /* Debug */ = {
			isa = XCBuildConfiguration;
			buildSettings = {
				ALWAYS_SEARCH_USER_PATHS = NO;
				ASSETCATALOG_COMPILER_GENERATE_SWIFT_ASSET_SYMBOL_EXTENSIONS = YES;
				CLANG_ANALYZER_NONNULL = YES;
				CLANG_ANALYZER_NUMBER_OBJECT_CONVERSION = YES_AGGRESSIVE;
				CLANG_CXX_LANGUAGE_STANDARD = "gnu++20";
				CLANG_ENABLE_MODULES = YES;
				CLANG_ENABLE_OBJC_ARC = YES;
				CLANG_ENABLE_OBJC_WEAK = YES;
				CLANG_WARN_BLOCK_CAPTURE_AUTORELEASING = YES;
				CLANG_WARN_BOOL_CONVERSION = YES;
				CLANG_WARN_COMMA = YES;
				CLANG_WARN_CONSTANT_CONVERSION = YES;
				CLANG_WARN_DEPRECATED_OBJC_IMPLEMENTATIONS = YES;
				CLANG_WARN_DIRECT_OBJC_ISA_USAGE = YES_ERROR;
				CLANG_WARN_DOCUMENTATION_COMMENTS = YES;
				CLANG_WARN_EMPTY_BODY = YES;
				CLANG_WARN_ENUM_CONVERSION = YES;
				CLANG_WARN_INFINITE_RECURSION = YES;
				CLANG_WARN_INT_CONVERSION = YES;
				CLANG_WARN_NON_LITERAL_NULL_CONVERSION = YES;
				CLANG_WARN_OBJC_IMPLICIT_RETAIN_SELF = YES;
				CLANG_WARN_OBJC_LITERAL_CONVERSION = YES;
				CLANG_WARN_OBJC_ROOT_CLASS = YES_ERROR;
				CLANG_WARN_QUOTED_INCLUDE_IN_FRAMEWORK_HEADER = YES;
				CLANG_WARN_RANGE_LOOP_ANALYSIS = YES;
				CLANG_WARN_STRICT_PROTOTYPES = YES;
				CLANG_WARN_SUSPICIOUS_MOVE = YES;
				CLANG_WARN_UNGUARDED_AVAILABILITY = YES_AGGRESSIVE;
				CLANG_WARN_UNREACHABLE_CODE = YES;
				CLANG_WARN__DUPLICATE_METHOD_MATCH = YES;
				COPY_PHASE_STRIP = NO;
				DEBUG_INFORMATION_FORMAT = dwarf;
				ENABLE_STRICT_OBJC_MSGSEND = YES;
				ENABLE_TESTABILITY = YES;
				ENABLE_USER_SCRIPT_SANDBOXING = YES;
				GCC_C_LANGUAGE_STANDARD = gnu17;
				GCC_DYNAMIC_NO_PIC = NO;
				GCC_NO_COMMON_BLOCKS = YES;
				GCC_OPTIMIZATION_LEVEL = 0;
				GCC_PREPROCESSOR_DEFINITIONS = (
					"DEBUG=1",
					"$(inherited)",
				);
				GCC_WARN_64_TO_32_BIT_CONVERSION = YES;
				GCC_WARN_ABOUT_RETURN_TYPE = YES_ERROR;
				GCC_WARN_UNDECLARED_SELECTOR = YES;
				GCC_WARN_UNINITIALIZED_AUTOS = YES_AGGRESSIVE;
				GCC_WARN_UNUSED_FUNCTION = YES;
				GCC_WARN_UNUSED_VARIABLE = YES;
				IPHONEOS_DEPLOYMENT_TARGET = 17.2;
				LOCALIZATION_PREFERS_STRING_CATALOGS = YES;
				MTL_ENABLE_DEBUG_INFO = INCLUDE_SOURCE;
				MTL_FAST_MATH = YES;
				ONLY_ACTIVE_ARCH = YES;
				SDKROOT = iphoneos;
				SWIFT_ACTIVE_COMPILATION_CONDITIONS = "DEBUG $(inherited)";
				SWIFT_OPTIMIZATION_LEVEL = "-Onone";
			};
			name = Debug;
		};
		D260BC222BD0493300E26BA4 /* Release */ = {
			isa = XCBuildConfiguration;
			buildSettings = {
				ALWAYS_SEARCH_USER_PATHS = NO;
				ASSETCATALOG_COMPILER_GENERATE_SWIFT_ASSET_SYMBOL_EXTENSIONS = YES;
				CLANG_ANALYZER_NONNULL = YES;
				CLANG_ANALYZER_NUMBER_OBJECT_CONVERSION = YES_AGGRESSIVE;
				CLANG_CXX_LANGUAGE_STANDARD = "gnu++20";
				CLANG_ENABLE_MODULES = YES;
				CLANG_ENABLE_OBJC_ARC = YES;
				CLANG_ENABLE_OBJC_WEAK = YES;
				CLANG_WARN_BLOCK_CAPTURE_AUTORELEASING = YES;
				CLANG_WARN_BOOL_CONVERSION = YES;
				CLANG_WARN_COMMA = YES;
				CLANG_WARN_CONSTANT_CONVERSION = YES;
				CLANG_WARN_DEPRECATED_OBJC_IMPLEMENTATIONS = YES;
				CLANG_WARN_DIRECT_OBJC_ISA_USAGE = YES_ERROR;
				CLANG_WARN_DOCUMENTATION_COMMENTS = YES;
				CLANG_WARN_EMPTY_BODY = YES;
				CLANG_WARN_ENUM_CONVERSION = YES;
				CLANG_WARN_INFINITE_RECURSION = YES;
				CLANG_WARN_INT_CONVERSION = YES;
				CLANG_WARN_NON_LITERAL_NULL_CONVERSION = YES;
				CLANG_WARN_OBJC_IMPLICIT_RETAIN_SELF = YES;
				CLANG_WARN_OBJC_LITERAL_CONVERSION = YES;
				CLANG_WARN_OBJC_ROOT_CLASS = YES_ERROR;
				CLANG_WARN_QUOTED_INCLUDE_IN_FRAMEWORK_HEADER = YES;
				CLANG_WARN_RANGE_LOOP_ANALYSIS = YES;
				CLANG_WARN_STRICT_PROTOTYPES = YES;
				CLANG_WARN_SUSPICIOUS_MOVE = YES;
				CLANG_WARN_UNGUARDED_AVAILABILITY = YES_AGGRESSIVE;
				CLANG_WARN_UNREACHABLE_CODE = YES;
				CLANG_WARN__DUPLICATE_METHOD_MATCH = YES;
				COPY_PHASE_STRIP = NO;
				DEBUG_INFORMATION_FORMAT = "dwarf-with-dsym";
				ENABLE_NS_ASSERTIONS = NO;
				ENABLE_STRICT_OBJC_MSGSEND = YES;
				ENABLE_USER_SCRIPT_SANDBOXING = YES;
				GCC_C_LANGUAGE_STANDARD = gnu17;
				GCC_NO_COMMON_BLOCKS = YES;
				GCC_WARN_64_TO_32_BIT_CONVERSION = YES;
				GCC_WARN_ABOUT_RETURN_TYPE = YES_ERROR;
				GCC_WARN_UNDECLARED_SELECTOR = YES;
				GCC_WARN_UNINITIALIZED_AUTOS = YES_AGGRESSIVE;
				GCC_WARN_UNUSED_FUNCTION = YES;
				GCC_WARN_UNUSED_VARIABLE = YES;
				IPHONEOS_DEPLOYMENT_TARGET = 17.2;
				LOCALIZATION_PREFERS_STRING_CATALOGS = YES;
				MTL_ENABLE_DEBUG_INFO = NO;
				MTL_FAST_MATH = YES;
				SDKROOT = iphoneos;
				SWIFT_COMPILATION_MODE = wholemodule;
				VALIDATE_PRODUCT = YES;
			};
			name = Release;
		};
		D260BC242BD0493300E26BA4 /* Debug */ = {
			isa = XCBuildConfiguration;
			buildSettings = {
				ASSETCATALOG_COMPILER_APPICON_NAME = AppIcon;
				ASSETCATALOG_COMPILER_GLOBAL_ACCENT_COLOR_NAME = AccentColor;
				CODE_SIGN_STYLE = Automatic;
				CURRENT_PROJECT_VERSION = 1;
				GENERATE_INFOPLIST_FILE = YES;
				INFOPLIST_FILE = UniversityInfoAPI/Info.plist;
				INFOPLIST_KEY_UIApplicationSupportsIndirectInputEvents = YES;
				INFOPLIST_KEY_UILaunchStoryboardName = LaunchScreen;
				INFOPLIST_KEY_UIMainStoryboardFile = Main;
				INFOPLIST_KEY_UISupportedInterfaceOrientations_iPad = "UIInterfaceOrientationPortrait UIInterfaceOrientationPortraitUpsideDown UIInterfaceOrientationLandscapeLeft UIInterfaceOrientationLandscapeRight";
				INFOPLIST_KEY_UISupportedInterfaceOrientations_iPhone = "UIInterfaceOrientationPortrait UIInterfaceOrientationLandscapeLeft UIInterfaceOrientationLandscapeRight";
				LD_RUNPATH_SEARCH_PATHS = (
					"$(inherited)",
					"@executable_path/Frameworks",
				);
				MARKETING_VERSION = 1.0;
				PRODUCT_BUNDLE_IDENTIFIER = com.app.UniversityInfoAPI;
				PRODUCT_NAME = "$(TARGET_NAME)";
				SWIFT_EMIT_LOC_STRINGS = YES;
				SWIFT_VERSION = 5.0;
				TARGETED_DEVICE_FAMILY = "1,2";
			};
			name = Debug;
		};
		D260BC252BD0493300E26BA4 /* Release */ = {
			isa = XCBuildConfiguration;
			buildSettings = {
				ASSETCATALOG_COMPILER_APPICON_NAME = AppIcon;
				ASSETCATALOG_COMPILER_GLOBAL_ACCENT_COLOR_NAME = AccentColor;
				CODE_SIGN_STYLE = Automatic;
				CURRENT_PROJECT_VERSION = 1;
				GENERATE_INFOPLIST_FILE = YES;
				INFOPLIST_FILE = UniversityInfoAPI/Info.plist;
				INFOPLIST_KEY_UIApplicationSupportsIndirectInputEvents = YES;
				INFOPLIST_KEY_UILaunchStoryboardName = LaunchScreen;
				INFOPLIST_KEY_UIMainStoryboardFile = Main;
				INFOPLIST_KEY_UISupportedInterfaceOrientations_iPad = "UIInterfaceOrientationPortrait UIInterfaceOrientationPortraitUpsideDown UIInterfaceOrientationLandscapeLeft UIInterfaceOrientationLandscapeRight";
				INFOPLIST_KEY_UISupportedInterfaceOrientations_iPhone = "UIInterfaceOrientationPortrait UIInterfaceOrientationLandscapeLeft UIInterfaceOrientationLandscapeRight";
				LD_RUNPATH_SEARCH_PATHS = (
					"$(inherited)",
					"@executable_path/Frameworks",
				);
				MARKETING_VERSION = 1.0;
				PRODUCT_BUNDLE_IDENTIFIER = com.app.UniversityInfoAPI;
				PRODUCT_NAME = "$(TARGET_NAME)";
				SWIFT_EMIT_LOC_STRINGS = YES;
				SWIFT_VERSION = 5.0;
				TARGETED_DEVICE_FAMILY = "1,2";
			};
			name = Release;
		};
/* End XCBuildConfiguration section */

/* Begin XCConfigurationList section */
		D260BC0A2BD0493200E26BA4 /* Build configuration list for PBXProject "UniversityInfoAPI" */ = {
			isa = XCConfigurationList;
			buildConfigurations = (
				D260BC212BD0493300E26BA4 /* Debug */,
				D260BC222BD0493300E26BA4 /* Release */,
			);
			defaultConfigurationIsVisible = 0;
			defaultConfigurationName = Release;
		};
		D260BC232BD0493300E26BA4 /* Build configuration list for PBXNativeTarget "UniversityInfoAPI" */ = {
			isa = XCConfigurationList;
			buildConfigurations = (
				D260BC242BD0493300E26BA4 /* Debug */,
				D260BC252BD0493300E26BA4 /* Release */,
			);
			defaultConfigurationIsVisible = 0;
			defaultConfigurationName = Release;
		};
/* End XCConfigurationList section */
	};
	rootObject = D260BC072BD0493200E26BA4 /* Project object */;
}
